
Microsoft Visual Studio Solution File, Format Version 12.00
# Visual Studio Version 17
VisualStudioVersion = 17.7.34009.444
MinimumVisualStudioVersion = 10.0.40219.1
Project("{FAE04EC0-301F-11D3-BF4B-00C04F79EFBC}") = "AmazonFaceRekognition_WF", "AmazonFaceRekognition_WF.csproj", "{D73F51A7-DB4C-4253-86C8-7CA8441A483A}"
EndProject
Global
	GlobalSection(SolutionConfigurationPlatforms) = preSolution
		Debug|Any CPU = Debug|Any CPU
		Release|Any CPU = Release|Any CPU
	EndGlobalSection
	GlobalSection(ProjectConfigurationPlatforms) = postSolution
		{D73F51A7-DB4C-4253-86C8-7CA8441A483A}.Debug|Any CPU.ActiveCfg = Debug|Any CPU
		{D73F51A7-DB4C-4253-86C8-7CA8441A483A}.Debug|Any CPU.Build.0 = Debug|Any CPU
		{D73F51A7-DB4C-4253-86C8-7CA8441A483A}.Release|Any CPU.ActiveCfg = Release|Any CPU
		{D73F51A7-DB4C-4253-86C8-7CA8441A483A}.Release|Any CPU.Build.0 = Release|Any CPU
	EndGlobalSection
	GlobalSection(SolutionProperties) = preSolution
		HideSolutionNode = FALSE
	EndGlobalSection
	GlobalSection(ExtensibilityGlobals) = postSolution
		SolutionGuid = {1F519771-0A60-4596-A372-711A6EF0E0A8}
	EndGlobalSection
EndGlobal
